
Microsoft Visual Studio Solution File, Format Version 12.00
# Visual Studio Version 17
VisualStudioVersion = 17.11.35222.181
MinimumVisualStudioVersion = 10.0.40219.1
Project("{2150E333-8FDC-42A3-9474-1A3956D46DE8}") = "Services", "Services", "{AC1A1724-7699-437F-B06D-5762A2BA1492}"
EndProject
Project("{2150E333-8FDC-42A3-9474-1A3956D46DE8}") = "Catalog", "Catalog", "{4AC11AE1-7EE3-4D17-99BC-0D1E25EA98BF}"
EndProject
Project("{9A19103F-16F7-4668-BE54-9A1E7A4F7556}") = "Catalog.API", "Services\Catalog\Catalog.API\Catalog.API.csproj", "{57FCE382-0DEC-4E44-844A-F9F2C27D4A20}"
EndProject
Project("{E53339B2-1760-4266-BCC7-CA923CBCF16C}") = "docker-compose", "docker-compose.dcproj", "{A37D9758-02DC-451F-985D-B1B40A9EF739}"
EndProject
Project("{2150E333-8FDC-42A3-9474-1A3956D46DE8}") = "Basket", "Basket", "{8EE2BE9A-C572-4AB9-B07F-02759BE3371B}"
EndProject
Project("{FAE04EC0-301F-11D3-BF4B-00C04F79EFBC}") = "Basket.API", "Services\Basket\Basket.API\Basket.API.csproj", "{69CABF35-4B13-4873-897A-F5C822312216}"
EndProject
Project("{2150E333-8FDC-42A3-9474-1A3956D46DE8}") = "Ordering", "Ordering", "{02EA681E-C7D8-13C7-8484-4AC65E1B71E8}"
EndProject
Project("{FAE04EC0-301F-11D3-BF4B-00C04F79EFBC}") = "Ordering.API", "Services\Ordering\Ordering.API\Ordering.API.csproj", "{1619729E-DCE2-4DB5-81B6-1A8DAC785DED}"
EndProject
Project("{FAE04EC0-301F-11D3-BF4B-00C04F79EFBC}") = "Ordering.Domain", "Services\Ordering\Ordering.Domain\Ordering.Domain.csproj", "{D3846E82-2862-4976-92D9-B807FD13265C}"
EndProject
Project("{FAE04EC0-301F-11D3-BF4B-00C04F79EFBC}") = "Ordering.Application", "Services\Ordering\Ordering.Application\Ordering.Application.csproj", "{C86A5E73-A579-4C5E-9AC4-B8EB8FE0A997}"
EndProject
Project("{FAE04EC0-301F-11D3-BF4B-00C04F79EFBC}") = "Ordering.Infrastructure", "Services\Ordering\Ordering.Infrastructure\Ordering.Infrastructure.csproj", "{14E95E07-307D-4E20-B0BF-56F54CD90675}"
EndProject
Project("{FAE04EC0-301F-11D3-BF4B-00C04F79EFBC}") = "Ordering.Buildingblocks", "Services\Ordering\Ordering\Ordering.Buildingblocks\Ordering.Buildingblocks.csproj", "{662B42E9-B434-4A7B-8347-818B73DBB396}"
EndProject
Global
	GlobalSection(SolutionConfigurationPlatforms) = preSolution
		Debug|Any CPU = Debug|Any CPU
		Release|Any CPU = Release|Any CPU
	EndGlobalSection
	GlobalSection(ProjectConfigurationPlatforms) = postSolution
		{57FCE382-0DEC-4E44-844A-F9F2C27D4A20}.Debug|Any CPU.ActiveCfg = Debug|Any CPU
		{57FCE382-0DEC-4E44-844A-F9F2C27D4A20}.Debug|Any CPU.Build.0 = Debug|Any CPU
		{57FCE382-0DEC-4E44-844A-F9F2C27D4A20}.Release|Any CPU.ActiveCfg = Release|Any CPU
		{57FCE382-0DEC-4E44-844A-F9F2C27D4A20}.Release|Any CPU.Build.0 = Release|Any CPU
		{A37D9758-02DC-451F-985D-B1B40A9EF739}.Debug|Any CPU.ActiveCfg = Debug|Any CPU
		{A37D9758-02DC-451F-985D-B1B40A9EF739}.Debug|Any CPU.Build.0 = Debug|Any CPU
		{A37D9758-02DC-451F-985D-B1B40A9EF739}.Release|Any CPU.ActiveCfg = Release|Any CPU
		{A37D9758-02DC-451F-985D-B1B40A9EF739}.Release|Any CPU.Build.0 = Release|Any CPU
		{69CABF35-4B13-4873-897A-F5C822312216}.Debug|Any CPU.ActiveCfg = Debug|Any CPU
		{69CABF35-4B13-4873-897A-F5C822312216}.Debug|Any CPU.Build.0 = Debug|Any CPU
		{69CABF35-4B13-4873-897A-F5C822312216}.Release|Any CPU.ActiveCfg = Release|Any CPU
		{69CABF35-4B13-4873-897A-F5C822312216}.Release|Any CPU.Build.0 = Release|Any CPU
		{1619729E-DCE2-4DB5-81B6-1A8DAC785DED}.Debug|Any CPU.ActiveCfg = Debug|Any CPU
		{1619729E-DCE2-4DB5-81B6-1A8DAC785DED}.Debug|Any CPU.Build.0 = Debug|Any CPU
		{1619729E-DCE2-4DB5-81B6-1A8DAC785DED}.Release|Any CPU.ActiveCfg = Release|Any CPU
		{1619729E-DCE2-4DB5-81B6-1A8DAC785DED}.Release|Any CPU.Build.0 = Release|Any CPU
		{D3846E82-2862-4976-92D9-B807FD13265C}.Debug|Any CPU.ActiveCfg = Debug|Any CPU
		{D3846E82-2862-4976-92D9-B807FD13265C}.Debug|Any CPU.Build.0 = Debug|Any CPU
		{D3846E82-2862-4976-92D9-B807FD13265C}.Release|Any CPU.ActiveCfg = Release|Any CPU
		{D3846E82-2862-4976-92D9-B807FD13265C}.Release|Any CPU.Build.0 = Release|Any CPU
		{C86A5E73-A579-4C5E-9AC4-B8EB8FE0A997}.Debug|Any CPU.ActiveCfg = Debug|Any CPU
		{C86A5E73-A579-4C5E-9AC4-B8EB8FE0A997}.Debug|Any CPU.Build.0 = Debug|Any CPU
		{C86A5E73-A579-4C5E-9AC4-B8EB8FE0A997}.Release|Any CPU.ActiveCfg = Release|Any CPU
		{C86A5E73-A579-4C5E-9AC4-B8EB8FE0A997}.Release|Any CPU.Build.0 = Release|Any CPU
		{14E95E07-307D-4E20-B0BF-56F54CD90675}.Debug|Any CPU.ActiveCfg = Debug|Any CPU
		{14E95E07-307D-4E20-B0BF-56F54CD90675}.Debug|Any CPU.Build.0 = Debug|Any CPU
		{14E95E07-307D-4E20-B0BF-56F54CD90675}.Release|Any CPU.ActiveCfg = Release|Any CPU
		{14E95E07-307D-4E20-B0BF-56F54CD90675}.Release|Any CPU.Build.0 = Release|Any CPU
		{662B42E9-B434-4A7B-8347-818B73DBB396}.Debug|Any CPU.ActiveCfg = Debug|Any CPU
		{662B42E9-B434-4A7B-8347-818B73DBB396}.Debug|Any CPU.Build.0 = Debug|Any CPU
		{662B42E9-B434-4A7B-8347-818B73DBB396}.Release|Any CPU.ActiveCfg = Release|Any CPU
		{662B42E9-B434-4A7B-8347-818B73DBB396}.Release|Any CPU.Build.0 = Release|Any CPU
	EndGlobalSection
	GlobalSection(SolutionProperties) = preSolution
		HideSolutionNode = FALSE
	EndGlobalSection
	GlobalSection(NestedProjects) = preSolution
		{4AC11AE1-7EE3-4D17-99BC-0D1E25EA98BF} = {AC1A1724-7699-437F-B06D-5762A2BA1492}
		{57FCE382-0DEC-4E44-844A-F9F2C27D4A20} = {4AC11AE1-7EE3-4D17-99BC-0D1E25EA98BF}
		{8EE2BE9A-C572-4AB9-B07F-02759BE3371B} = {AC1A1724-7699-437F-B06D-5762A2BA1492}
		{69CABF35-4B13-4873-897A-F5C822312216} = {8EE2BE9A-C572-4AB9-B07F-02759BE3371B}
		{02EA681E-C7D8-13C7-8484-4AC65E1B71E8} = {AC1A1724-7699-437F-B06D-5762A2BA1492}
		{1619729E-DCE2-4DB5-81B6-1A8DAC785DED} = {02EA681E-C7D8-13C7-8484-4AC65E1B71E8}
		{D3846E82-2862-4976-92D9-B807FD13265C} = {02EA681E-C7D8-13C7-8484-4AC65E1B71E8}
		{C86A5E73-A579-4C5E-9AC4-B8EB8FE0A997} = {02EA681E-C7D8-13C7-8484-4AC65E1B71E8}
		{14E95E07-307D-4E20-B0BF-56F54CD90675} = {02EA681E-C7D8-13C7-8484-4AC65E1B71E8}
		{662B42E9-B434-4A7B-8347-818B73DBB396} = {02EA681E-C7D8-13C7-8484-4AC65E1B71E8}
	EndGlobalSection
	GlobalSection(ExtensibilityGlobals) = postSolution
		SolutionGuid = {F0FF3F82-5A94-4E5A-96EA-3BE522B911E3}
	EndGlobalSection
EndGlobal
